// !$*UTF8*$!
{
	archiveVersion = 1;
	classes = {
	};
	objectVersion = 77;
	objects = {

/* Begin PBXBuildFile section */
		6EB695412DF73ABE00CDBF3F /* WidgetKit.framework in Frameworks */ = {isa = PBXBuildFile; fileRef = 6EB695402DF73ABE00CDBF3F /* WidgetKit.framework */; };
		6EB695432DF73ABE00CDBF3F /* SwiftUI.framework in Frameworks */ = {isa = PBXBuildFile; fileRef = 6EB695422DF73ABE00CDBF3F /* SwiftUI.framework */; };
		6EB695542DF73AC000CDBF3F /* CryptoChaserWidgetExtension.appex in Embed Foundation Extensions */ = {isa = PBXBuildFile; fileRef = 6EB6953F2DF73ABE00CDBF3F /* CryptoChaserWidgetExtension.appex */; settings = {ATTRIBUTES = (RemoveHeadersOnCopy, ); }; };
/* End PBXBuildFile section */

/* Begin PBXContainerItemProxy section */
		6E7AE4062DDD432900CAE565 /* PBXContainerItemProxy */ = {
			isa = PBXContainerItemProxy;
			containerPortal = 6E7AE3E72DDD432800CAE565 /* Project object */;
			proxyType = 1;
			remoteGlobalIDString = 6E7AE3EE2DDD432800CAE565;
			remoteInfo = CryptoChaser;
		};
		6E7AE4102DDD432900CAE565 /* PBXContainerItemProxy */ = {
			isa = PBXContainerItemProxy;
			containerPortal = 6E7AE3E72DDD432800CAE565 /* Project object */;
			proxyType = 1;
			remoteGlobalIDString = 6E7AE3EE2DDD432800CAE565;
			remoteInfo = CryptoChaser;
		};
		6EB695522DF73AC000CDBF3F /* PBXContainerItemProxy */ = {
			isa = PBXContainerItemProxy;
			containerPortal = 6E7AE3E72DDD432800CAE565 /* Project object */;
			proxyType = 1;
			remoteGlobalIDString = 6EB6953E2DF73ABE00CDBF3F;
			remoteInfo = CryptoChaserWidgetExtension;
		};
/* End PBXContainerItemProxy section */

/* Begin PBXCopyFilesBuildPhase section */
		6EB695552DF73AC000CDBF3F /* Embed Foundation Extensions */ = {
			isa = PBXCopyFilesBuildPhase;
			buildActionMask = 2147483647;
			dstPath = "";
			dstSubfolderSpec = 13;
			files = (
				6EB695542DF73AC000CDBF3F /* CryptoChaserWidgetExtension.appex in Embed Foundation Extensions */,
			);
			name = "Embed Foundation Extensions";
			runOnlyForDeploymentPostprocessing = 0;
		};
/* End PBXCopyFilesBuildPhase section */

/* Begin PBXFileReference section */
		6E7AE3EF2DDD432800CAE565 /* CryptoChaser.app */ = {isa = PBXFileReference; explicitFileType = wrapper.application; includeInIndex = 0; path = CryptoChaser.app; sourceTree = BUILT_PRODUCTS_DIR; };
		6E7AE4052DDD432900CAE565 /* CryptoChaserTests.xctest */ = {isa = PBXFileReference; explicitFileType = wrapper.cfbundle; includeInIndex = 0; path = CryptoChaserTests.xctest; sourceTree = BUILT_PRODUCTS_DIR; };
		6E7AE40F2DDD432900CAE565 /* CryptoChaserUITests.xctest */ = {isa = PBXFileReference; explicitFileType = wrapper.cfbundle; includeInIndex = 0; path = CryptoChaserUITests.xctest; sourceTree = BUILT_PRODUCTS_DIR; };
		6EB694CC2DF4FB1700CDBF3F /* CryptoChaserTests.xctestplan */ = {isa = PBXFileReference; lastKnownFileType = text; path = CryptoChaserTests.xctestplan; sourceTree = "<group>"; };
		6EB6953F2DF73ABE00CDBF3F /* CryptoChaserWidgetExtension.appex */ = {isa = PBXFileReference; explicitFileType = "wrapper.app-extension"; includeInIndex = 0; path = CryptoChaserWidgetExtension.appex; sourceTree = BUILT_PRODUCTS_DIR; };
		6EB695402DF73ABE00CDBF3F /* WidgetKit.framework */ = {isa = PBXFileReference; lastKnownFileType = wrapper.framework; name = WidgetKit.framework; path = System/Library/Frameworks/WidgetKit.framework; sourceTree = SDKROOT; };
		6EB695422DF73ABE00CDBF3F /* SwiftUI.framework */ = {isa = PBXFileReference; lastKnownFileType = wrapper.framework; name = SwiftUI.framework; path = System/Library/Frameworks/SwiftUI.framework; sourceTree = SDKROOT; };
		6EB6955A2DF73CBC00CDBF3F /* CryptoChaserWidgetExtension.entitlements */ = {isa = PBXFileReference; lastKnownFileType = text.plist.entitlements; path = CryptoChaserWidgetExtension.entitlements; sourceTree = "<group>"; };
/* End PBXFileReference section */

/* Begin PBXFileSystemSynchronizedBuildFileExceptionSet section */
		6E7AE4172DDD432900CAE565 /* Exceptions for "CryptoChaser" folder in "CryptoChaser" target */ = {
			isa = PBXFileSystemSynchronizedBuildFileExceptionSet;
			membershipExceptions = (
				Info.plist,
			);
			target = 6E7AE3EE2DDD432800CAE565 /* CryptoChaser */;
		};
		6E7AE5F72DDDBC0400CAE565 /* Exceptions for "CryptoChaser" folder in "CryptoChaserUITests" target */ = {
			isa = PBXFileSystemSynchronizedBuildFileExceptionSet;
			membershipExceptions = (
				Shared/Constants.swift,
			);
			target = 6E7AE40E2DDD432900CAE565 /* CryptoChaserUITests */;
		};
		6EB695592DF73AC000CDBF3F /* Exceptions for "CryptoChaserWidget" folder in "CryptoChaserWidgetExtension" target */ = {
			isa = PBXFileSystemSynchronizedBuildFileExceptionSet;
			membershipExceptions = (
				Info.plist,
			);
			target = 6EB6953E2DF73ABE00CDBF3F /* CryptoChaserWidgetExtension */;
		};
		6EB6955E2DF743C500CDBF3F /* Exceptions for "CryptoChaser" folder in "CryptoChaserWidgetExtension" target */ = {
			isa = PBXFileSystemSynchronizedBuildFileExceptionSet;
			membershipExceptions = (
				"Data/Core Data/CoreDataManager.swift",
				"Data/Core Data/LocalCurrency+Extension.swift",
				"Data/Core Data/Model/DataModel.xcdatamodeld",
				Data/CryptoRepository.swift,
				"Data/Currency Storage/CurrencyCoreDataStorage.swift",
				Domain/Models/Currency.swift,
				Infrastructure/CryptoService.swift,
				Infrastructure/Endpoints/FetchCoinsEndpoint.swift,
				Infrastructure/RemoteCryptoService.swift,
				Shared/AppGroup.swift,
				"Shared/Bundle+Extensions.swift",
				Shared/Constants.swift,
				"Shared/Date+Extensions.swift",
				"Shared/Double+Extensions.swift",
				Shared/ImageLoader.swift,
				"Supporting Files/Colors.xcassets",
			);
			target = 6EB6953E2DF73ABE00CDBF3F /* CryptoChaserWidgetExtension */;
		};
/* End PBXFileSystemSynchronizedBuildFileExceptionSet section */

/* Begin PBXFileSystemSynchronizedRootGroup section */
		6E7AE3F12DDD432800CAE565 /* CryptoChaser */ = {
			isa = PBXFileSystemSynchronizedRootGroup;
			exceptions = (
				6E7AE4172DDD432900CAE565 /* Exceptions for "CryptoChaser" folder in "CryptoChaser" target */,
				6E7AE5F72DDDBC0400CAE565 /* Exceptions for "CryptoChaser" folder in "CryptoChaserUITests" target */,
				6EB6955E2DF743C500CDBF3F /* Exceptions for "CryptoChaser" folder in "CryptoChaserWidgetExtension" target */,
			);
			path = CryptoChaser;
			sourceTree = "<group>";
		};
		6E7AE4082DDD432900CAE565 /* CryptoChaserTests */ = {
			isa = PBXFileSystemSynchronizedRootGroup;
			path = CryptoChaserTests;
			sourceTree = "<group>";
		};
		6E7AE4122DDD432900CAE565 /* CryptoChaserUITests */ = {
			isa = PBXFileSystemSynchronizedRootGroup;
			path = CryptoChaserUITests;
			sourceTree = "<group>";
		};
		6EB695442DF73ABE00CDBF3F /* CryptoChaserWidget */ = {
			isa = PBXFileSystemSynchronizedRootGroup;
			exceptions = (
				6EB695592DF73AC000CDBF3F /* Exceptions for "CryptoChaserWidget" folder in "CryptoChaserWidgetExtension" target */,
			);
			path = CryptoChaserWidget;
			sourceTree = "<group>";
		};
/* End PBXFileSystemSynchronizedRootGroup section */

/* Begin PBXFrameworksBuildPhase section */
		6E7AE3EC2DDD432800CAE565 /* Frameworks */ = {
			isa = PBXFrameworksBuildPhase;
			buildActionMask = 2147483647;
			files = (
			);
			runOnlyForDeploymentPostprocessing = 0;
		};
		6E7AE4022DDD432900CAE565 /* Frameworks */ = {
			isa = PBXFrameworksBuildPhase;
			buildActionMask = 2147483647;
			files = (
			);
			runOnlyForDeploymentPostprocessing = 0;
		};
		6E7AE40C2DDD432900CAE565 /* Frameworks */ = {
			isa = PBXFrameworksBuildPhase;
			buildActionMask = 2147483647;
			files = (
			);
			runOnlyForDeploymentPostprocessing = 0;
		};
		6EB6953C2DF73ABE00CDBF3F /* Frameworks */ = {
			isa = PBXFrameworksBuildPhase;
			buildActionMask = 2147483647;
			files = (
				6EB695432DF73ABE00CDBF3F /* SwiftUI.framework in Frameworks */,
				6EB695412DF73ABE00CDBF3F /* WidgetKit.framework in Frameworks */,
			);
			runOnlyForDeploymentPostprocessing = 0;
		};
/* End PBXFrameworksBuildPhase section */

/* Begin PBXGroup section */
		6E7AE3E62DDD432800CAE565 = {
			isa = PBXGroup;
			children = (
				6EB6955A2DF73CBC00CDBF3F /* CryptoChaserWidgetExtension.entitlements */,
				6EB694CC2DF4FB1700CDBF3F /* CryptoChaserTests.xctestplan */,
				6E7AE3F12DDD432800CAE565 /* CryptoChaser */,
				6E7AE4082DDD432900CAE565 /* CryptoChaserTests */,
				6E7AE4122DDD432900CAE565 /* CryptoChaserUITests */,
				6EB695442DF73ABE00CDBF3F /* CryptoChaserWidget */,
				6E7AE5F82DDDBC7B00CAE565 /* Frameworks */,
				6E7AE3F02DDD432800CAE565 /* Products */,
			);
			sourceTree = "<group>";
		};
		6E7AE3F02DDD432800CAE565 /* Products */ = {
			isa = PBXGroup;
			children = (
				6E7AE3EF2DDD432800CAE565 /* CryptoChaser.app */,
				6E7AE4052DDD432900CAE565 /* CryptoChaserTests.xctest */,
				6E7AE40F2DDD432900CAE565 /* CryptoChaserUITests.xctest */,
				6EB6953F2DF73ABE00CDBF3F /* CryptoChaserWidgetExtension.appex */,
			);
			name = Products;
			sourceTree = "<group>";
		};
		6E7AE5F82DDDBC7B00CAE565 /* Frameworks */ = {
			isa = PBXGroup;
			children = (
				6EB695402DF73ABE00CDBF3F /* WidgetKit.framework */,
				6EB695422DF73ABE00CDBF3F /* SwiftUI.framework */,
			);
			name = Frameworks;
			sourceTree = "<group>";
		};
/* End PBXGroup section */

/* Begin PBXNativeTarget section */
		6E7AE3EE2DDD432800CAE565 /* CryptoChaser */ = {
			isa = PBXNativeTarget;
			buildConfigurationList = 6E7AE4182DDD432900CAE565 /* Build configuration list for PBXNativeTarget "CryptoChaser" */;
			buildPhases = (
				6E7AE3EB2DDD432800CAE565 /* Sources */,
				6E7AE3EC2DDD432800CAE565 /* Frameworks */,
				6E7AE3ED2DDD432800CAE565 /* Resources */,
				6EB695552DF73AC000CDBF3F /* Embed Foundation Extensions */,
			);
			buildRules = (
			);
			dependencies = (
				6EB695532DF73AC000CDBF3F /* PBXTargetDependency */,
			);
			fileSystemSynchronizedGroups = (
				6E7AE3F12DDD432800CAE565 /* CryptoChaser */,
			);
			name = CryptoChaser;
			packageProductDependencies = (
			);
			productName = CryptoChaser;
			productReference = 6E7AE3EF2DDD432800CAE565 /* CryptoChaser.app */;
			productType = "com.apple.product-type.application";
		};
		6E7AE4042DDD432900CAE565 /* CryptoChaserTests */ = {
			isa = PBXNativeTarget;
			buildConfigurationList = 6E7AE41D2DDD432900CAE565 /* Build configuration list for PBXNativeTarget "CryptoChaserTests" */;
			buildPhases = (
				6E7AE4012DDD432900CAE565 /* Sources */,
				6E7AE4022DDD432900CAE565 /* Frameworks */,
				6E7AE4032DDD432900CAE565 /* Resources */,
			);
			buildRules = (
			);
			dependencies = (
				6E7AE4072DDD432900CAE565 /* PBXTargetDependency */,
			);
			fileSystemSynchronizedGroups = (
				6E7AE4082DDD432900CAE565 /* CryptoChaserTests */,
			);
			name = CryptoChaserTests;
			packageProductDependencies = (
			);
			productName = CryptoChaserTests;
			productReference = 6E7AE4052DDD432900CAE565 /* CryptoChaserTests.xctest */;
			productType = "com.apple.product-type.bundle.unit-test";
		};
		6E7AE40E2DDD432900CAE565 /* CryptoChaserUITests */ = {
			isa = PBXNativeTarget;
			buildConfigurationList = 6E7AE4202DDD432900CAE565 /* Build configuration list for PBXNativeTarget "CryptoChaserUITests" */;
			buildPhases = (
				6E7AE40B2DDD432900CAE565 /* Sources */,
				6E7AE40C2DDD432900CAE565 /* Frameworks */,
				6E7AE40D2DDD432900CAE565 /* Resources */,
			);
			buildRules = (
			);
			dependencies = (
				6E7AE4112DDD432900CAE565 /* PBXTargetDependency */,
			);
			fileSystemSynchronizedGroups = (
				6E7AE4122DDD432900CAE565 /* CryptoChaserUITests */,
			);
			name = CryptoChaserUITests;
			packageProductDependencies = (
			);
			productName = CryptoChaserUITests;
			productReference = 6E7AE40F2DDD432900CAE565 /* CryptoChaserUITests.xctest */;
			productType = "com.apple.product-type.bundle.ui-testing";
		};
		6EB6953E2DF73ABE00CDBF3F /* CryptoChaserWidgetExtension */ = {
			isa = PBXNativeTarget;
			buildConfigurationList = 6EB695582DF73AC000CDBF3F /* Build configuration list for PBXNativeTarget "CryptoChaserWidgetExtension" */;
			buildPhases = (
				6EB6953B2DF73ABE00CDBF3F /* Sources */,
				6EB6953C2DF73ABE00CDBF3F /* Frameworks */,
				6EB6953D2DF73ABE00CDBF3F /* Resources */,
			);
			buildRules = (
			);
			dependencies = (
			);
			fileSystemSynchronizedGroups = (
				6EB695442DF73ABE00CDBF3F /* CryptoChaserWidget */,
			);
			name = CryptoChaserWidgetExtension;
			packageProductDependencies = (
			);
			productName = CryptoChaserWidgetExtension;
			productReference = 6EB6953F2DF73ABE00CDBF3F /* CryptoChaserWidgetExtension.appex */;
			productType = "com.apple.product-type.app-extension";
		};
/* End PBXNativeTarget section */

/* Begin PBXProject section */
		6E7AE3E72DDD432800CAE565 /* Project object */ = {
			isa = PBXProject;
			attributes = {
				BuildIndependentTargetsInParallel = 1;
				LastSwiftUpdateCheck = 1630;
				LastUpgradeCheck = 1630;
				TargetAttributes = {
					6E7AE3EE2DDD432800CAE565 = {
						CreatedOnToolsVersion = 16.3;
					};
					6E7AE4042DDD432900CAE565 = {
						CreatedOnToolsVersion = 16.3;
						TestTargetID = 6E7AE3EE2DDD432800CAE565;
					};
					6E7AE40E2DDD432900CAE565 = {
						CreatedOnToolsVersion = 16.3;
						TestTargetID = 6E7AE3EE2DDD432800CAE565;
					};
					6EB6953E2DF73ABE00CDBF3F = {
						CreatedOnToolsVersion = 16.3;
					};
				};
			};
			buildConfigurationList = 6E7AE3EA2DDD432800CAE565 /* Build configuration list for PBXProject "CryptoChaser" */;
			developmentRegion = en;
			hasScannedForEncodings = 0;
			knownRegions = (
				en,
				Base,
			);
			mainGroup = 6E7AE3E62DDD432800CAE565;
			minimizedProjectReferenceProxies = 1;
			packageReferences = (
			);
			preferredProjectObjectVersion = 77;
			productRefGroup = 6E7AE3F02DDD432800CAE565 /* Products */;
			projectDirPath = "";
			projectRoot = "";
			targets = (
				6E7AE3EE2DDD432800CAE565 /* CryptoChaser */,
				6E7AE4042DDD432900CAE565 /* CryptoChaserTests */,
				6E7AE40E2DDD432900CAE565 /* CryptoChaserUITests */,
				6EB6953E2DF73ABE00CDBF3F /* CryptoChaserWidgetExtension */,
			);
		};
/* End PBXProject section */

/* Begin PBXResourcesBuildPhase section */
		6E7AE3ED2DDD432800CAE565 /* Resources */ = {
			isa = PBXResourcesBuildPhase;
			buildActionMask = 2147483647;
			files = (
			);
			runOnlyForDeploymentPostprocessing = 0;
		};
		6E7AE4032DDD432900CAE565 /* Resources */ = {
			isa = PBXResourcesBuildPhase;
			buildActionMask = 2147483647;
			files = (
			);
			runOnlyForDeploymentPostprocessing = 0;
		};
		6E7AE40D2DDD432900CAE565 /* Resources */ = {
			isa = PBXResourcesBuildPhase;
			buildActionMask = 2147483647;
			files = (
			);
			runOnlyForDeploymentPostprocessing = 0;
		};
		6EB6953D2DF73ABE00CDBF3F /* Resources */ = {
			isa = PBXResourcesBuildPhase;
			buildActionMask = 2147483647;
			files = (
			);
			runOnlyForDeploymentPostprocessing = 0;
		};
/* End PBXResourcesBuildPhase section */

/* Begin PBXSourcesBuildPhase section */
		6E7AE3EB2DDD432800CAE565 /* Sources */ = {
			isa = PBXSourcesBuildPhase;
			buildActionMask = 2147483647;
			files = (
			);
			runOnlyForDeploymentPostprocessing = 0;
		};
		6E7AE4012DDD432900CAE565 /* Sources */ = {
			isa = PBXSourcesBuildPhase;
			buildActionMask = 2147483647;
			files = (
			);
			runOnlyForDeploymentPostprocessing = 0;
		};
		6E7AE40B2DDD432900CAE565 /* Sources */ = {
			isa = PBXSourcesBuildPhase;
			buildActionMask = 2147483647;
			files = (
			);
			runOnlyForDeploymentPostprocessing = 0;
		};
		6EB6953B2DF73ABE00CDBF3F /* Sources */ = {
			isa = PBXSourcesBuildPhase;
			buildActionMask = 2147483647;
			files = (
			);
			runOnlyForDeploymentPostprocessing = 0;
		};
/* End PBXSourcesBuildPhase section */

/* Begin PBXTargetDependency section */
		6E7AE4072DDD432900CAE565 /* PBXTargetDependency */ = {
			isa = PBXTargetDependency;
			target = 6E7AE3EE2DDD432800CAE565 /* CryptoChaser */;
			targetProxy = 6E7AE4062DDD432900CAE565 /* PBXContainerItemProxy */;
		};
		6E7AE4112DDD432900CAE565 /* PBXTargetDependency */ = {
			isa = PBXTargetDependency;
			target = 6E7AE3EE2DDD432800CAE565 /* CryptoChaser */;
			targetProxy = 6E7AE4102DDD432900CAE565 /* PBXContainerItemProxy */;
		};
		6EB695532DF73AC000CDBF3F /* PBXTargetDependency */ = {
			isa = PBXTargetDependency;
			target = 6EB6953E2DF73ABE00CDBF3F /* CryptoChaserWidgetExtension */;
			targetProxy = 6EB695522DF73AC000CDBF3F /* PBXContainerItemProxy */;
		};
/* End PBXTargetDependency section */

/* Begin XCBuildConfiguration section */
		6E7AE4192DDD432900CAE565 /* Debug */ = {
			isa = XCBuildConfiguration;
			buildSettings = {
				ASSETCATALOG_COMPILER_APPICON_NAME = AppIcon;
				ASSETCATALOG_COMPILER_GLOBAL_ACCENT_COLOR_NAME = AccentColor;
				CODE_SIGN_ENTITLEMENTS = CryptoChaser/CryptoChaser.entitlements;
				CODE_SIGN_STYLE = Automatic;
				CURRENT_PROJECT_VERSION = 1;
				DEVELOPMENT_TEAM = 49VFMFM852;
				GENERATE_INFOPLIST_FILE = YES;
				INFOPLIST_FILE = CryptoChaser/Info.plist;
				INFOPLIST_KEY_UIApplicationSupportsIndirectInputEvents = YES;
				INFOPLIST_KEY_UILaunchStoryboardName = LaunchScreen;
				INFOPLIST_KEY_UIMainStoryboardFile = Main;
				INFOPLIST_KEY_UISupportedInterfaceOrientations = UIInterfaceOrientationPortrait;
				INFOPLIST_KEY_UISupportedInterfaceOrientations_iPad = "UIInterfaceOrientationLandscapeLeft UIInterfaceOrientationLandscapeRight UIInterfaceOrientationPortrait UIInterfaceOrientationPortraitUpsideDown";
				LD_RUNPATH_SEARCH_PATHS = (
					"$(inherited)",
					"@executable_path/Frameworks",
				);
				MARKETING_VERSION = 1.0;
				PRODUCT_BUNDLE_IDENTIFIER = com.optionalsk.CryptoChaser;
				PRODUCT_NAME = "$(TARGET_NAME)";
				SWIFT_EMIT_LOC_STRINGS = YES;
				SWIFT_VERSION = 5.0;
				TARGETED_DEVICE_FAMILY = "1,2";
			};
			name = Debug;
		};
		6E7AE41A2DDD432900CAE565 /* Release */ = {
			isa = XCBuildConfiguration;
			buildSettings = {
				ASSETCATALOG_COMPILER_APPICON_NAME = AppIcon;
				ASSETCATALOG_COMPILER_GLOBAL_ACCENT_COLOR_NAME = AccentColor;
				CODE_SIGN_ENTITLEMENTS = CryptoChaser/CryptoChaser.entitlements;
				CODE_SIGN_STYLE = Automatic;
				CURRENT_PROJECT_VERSION = 1;
				DEVELOPMENT_TEAM = 49VFMFM852;
				GENERATE_INFOPLIST_FILE = YES;
				INFOPLIST_FILE = CryptoChaser/Info.plist;
				INFOPLIST_KEY_UIApplicationSupportsIndirectInputEvents = YES;
				INFOPLIST_KEY_UILaunchStoryboardName = LaunchScreen;
				INFOPLIST_KEY_UIMainStoryboardFile = Main;
				INFOPLIST_KEY_UISupportedInterfaceOrientations = UIInterfaceOrientationPortrait;
				INFOPLIST_KEY_UISupportedInterfaceOrientations_iPad = "UIInterfaceOrientationLandscapeLeft UIInterfaceOrientationLandscapeRight UIInterfaceOrientationPortrait UIInterfaceOrientationPortraitUpsideDown";
				LD_RUNPATH_SEARCH_PATHS = (
					"$(inherited)",
					"@executable_path/Frameworks",
				);
				MARKETING_VERSION = 1.0;
				PRODUCT_BUNDLE_IDENTIFIER = com.optionalsk.CryptoChaser;
				PRODUCT_NAME = "$(TARGET_NAME)";
				SWIFT_EMIT_LOC_STRINGS = YES;
				SWIFT_VERSION = 5.0;
				TARGETED_DEVICE_FAMILY = "1,2";
			};
			name = Release;
		};
		6E7AE41B2DDD432900CAE565 /* Debug */ = {
			isa = XCBuildConfiguration;
			buildSettings = {
				ALWAYS_SEARCH_USER_PATHS = NO;
				ASSETCATALOG_COMPILER_GENERATE_SWIFT_ASSET_SYMBOL_EXTENSIONS = YES;
				CLANG_ANALYZER_NONNULL = YES;
				CLANG_ANALYZER_NUMBER_OBJECT_CONVERSION = YES_AGGRESSIVE;
				CLANG_CXX_LANGUAGE_STANDARD = "gnu++20";
				CLANG_ENABLE_MODULES = YES;
				CLANG_ENABLE_OBJC_ARC = YES;
				CLANG_ENABLE_OBJC_WEAK = YES;
				CLANG_WARN_BLOCK_CAPTURE_AUTORELEASING = YES;
				CLANG_WARN_BOOL_CONVERSION = YES;
				CLANG_WARN_COMMA = YES;
				CLANG_WARN_CONSTANT_CONVERSION = YES;
				CLANG_WARN_DEPRECATED_OBJC_IMPLEMENTATIONS = YES;
				CLANG_WARN_DIRECT_OBJC_ISA_USAGE = YES_ERROR;
				CLANG_WARN_DOCUMENTATION_COMMENTS = YES;
				CLANG_WARN_EMPTY_BODY = YES;
				CLANG_WARN_ENUM_CONVERSION = YES;
				CLANG_WARN_INFINITE_RECURSION = YES;
				CLANG_WARN_INT_CONVERSION = YES;
				CLANG_WARN_NON_LITERAL_NULL_CONVERSION = YES;
				CLANG_WARN_OBJC_IMPLICIT_RETAIN_SELF = YES;
				CLANG_WARN_OBJC_LITERAL_CONVERSION = YES;
				CLANG_WARN_OBJC_ROOT_CLASS = YES_ERROR;
				CLANG_WARN_QUOTED_INCLUDE_IN_FRAMEWORK_HEADER = YES;
				CLANG_WARN_RANGE_LOOP_ANALYSIS = YES;
				CLANG_WARN_STRICT_PROTOTYPES = YES;
				CLANG_WARN_SUSPICIOUS_MOVE = YES;
				CLANG_WARN_UNGUARDED_AVAILABILITY = YES_AGGRESSIVE;
				CLANG_WARN_UNREACHABLE_CODE = YES;
				CLANG_WARN__DUPLICATE_METHOD_MATCH = YES;
				COPY_PHASE_STRIP = NO;
				DEBUG_INFORMATION_FORMAT = dwarf;
				DEVELOPMENT_TEAM = 49VFMFM852;
				ENABLE_STRICT_OBJC_MSGSEND = YES;
				ENABLE_TESTABILITY = YES;
				ENABLE_USER_SCRIPT_SANDBOXING = YES;
				GCC_C_LANGUAGE_STANDARD = gnu17;
				GCC_DYNAMIC_NO_PIC = NO;
				GCC_NO_COMMON_BLOCKS = YES;
				GCC_OPTIMIZATION_LEVEL = 0;
				GCC_PREPROCESSOR_DEFINITIONS = (
					"DEBUG=1",
					"$(inherited)",
				);
				GCC_WARN_64_TO_32_BIT_CONVERSION = YES;
				GCC_WARN_ABOUT_RETURN_TYPE = YES_ERROR;
				GCC_WARN_UNDECLARED_SELECTOR = YES;
				GCC_WARN_UNINITIALIZED_AUTOS = YES_AGGRESSIVE;
				GCC_WARN_UNUSED_FUNCTION = YES;
				GCC_WARN_UNUSED_VARIABLE = YES;
				IPHONEOS_DEPLOYMENT_TARGET = 18.4;
				LOCALIZATION_PREFERS_STRING_CATALOGS = YES;
				MTL_ENABLE_DEBUG_INFO = INCLUDE_SOURCE;
				MTL_FAST_MATH = YES;
				ONLY_ACTIVE_ARCH = YES;
				SDKROOT = iphoneos;
				SWIFT_ACTIVE_COMPILATION_CONDITIONS = "DEBUG $(inherited)";
				SWIFT_OPTIMIZATION_LEVEL = "-Onone";
			};
			name = Debug;
		};
		6E7AE41C2DDD432900CAE565 /* Release */ = {
			isa = XCBuildConfiguration;
			buildSettings = {
				ALWAYS_SEARCH_USER_PATHS = NO;
				ASSETCATALOG_COMPILER_GENERATE_SWIFT_ASSET_SYMBOL_EXTENSIONS = YES;
				CLANG_ANALYZER_NONNULL = YES;
				CLANG_ANALYZER_NUMBER_OBJECT_CONVERSION = YES_AGGRESSIVE;
				CLANG_CXX_LANGUAGE_STANDARD = "gnu++20";
				CLANG_ENABLE_MODULES = YES;
				CLANG_ENABLE_OBJC_ARC = YES;
				CLANG_ENABLE_OBJC_WEAK = YES;
				CLANG_WARN_BLOCK_CAPTURE_AUTORELEASING = YES;
				CLANG_WARN_BOOL_CONVERSION = YES;
				CLANG_WARN_COMMA = YES;
				CLANG_WARN_CONSTANT_CONVERSION = YES;
				CLANG_WARN_DEPRECATED_OBJC_IMPLEMENTATIONS = YES;
				CLANG_WARN_DIRECT_OBJC_ISA_USAGE = YES_ERROR;
				CLANG_WARN_DOCUMENTATION_COMMENTS = YES;
				CLANG_WARN_EMPTY_BODY = YES;
				CLANG_WARN_ENUM_CONVERSION = YES;
				CLANG_WARN_INFINITE_RECURSION = YES;
				CLANG_WARN_INT_CONVERSION = YES;
				CLANG_WARN_NON_LITERAL_NULL_CONVERSION = YES;
				CLANG_WARN_OBJC_IMPLICIT_RETAIN_SELF = YES;
				CLANG_WARN_OBJC_LITERAL_CONVERSION = YES;
				CLANG_WARN_OBJC_ROOT_CLASS = YES_ERROR;
				CLANG_WARN_QUOTED_INCLUDE_IN_FRAMEWORK_HEADER = YES;
				CLANG_WARN_RANGE_LOOP_ANALYSIS = YES;
				CLANG_WARN_STRICT_PROTOTYPES = YES;
				CLANG_WARN_SUSPICIOUS_MOVE = YES;
				CLANG_WARN_UNGUARDED_AVAILABILITY = YES_AGGRESSIVE;
				CLANG_WARN_UNREACHABLE_CODE = YES;
				CLANG_WARN__DUPLICATE_METHOD_MATCH = YES;
				COPY_PHASE_STRIP = NO;
				DEBUG_INFORMATION_FORMAT = "dwarf-with-dsym";
				DEVELOPMENT_TEAM = 49VFMFM852;
				ENABLE_NS_ASSERTIONS = NO;
				ENABLE_STRICT_OBJC_MSGSEND = YES;
				ENABLE_USER_SCRIPT_SANDBOXING = YES;
				GCC_C_LANGUAGE_STANDARD = gnu17;
				GCC_NO_COMMON_BLOCKS = YES;
				GCC_WARN_64_TO_32_BIT_CONVERSION = YES;
				GCC_WARN_ABOUT_RETURN_TYPE = YES_ERROR;
				GCC_WARN_UNDECLARED_SELECTOR = YES;
				GCC_WARN_UNINITIALIZED_AUTOS = YES_AGGRESSIVE;
				GCC_WARN_UNUSED_FUNCTION = YES;
				GCC_WARN_UNUSED_VARIABLE = YES;
				IPHONEOS_DEPLOYMENT_TARGET = 18.4;
				LOCALIZATION_PREFERS_STRING_CATALOGS = YES;
				MTL_ENABLE_DEBUG_INFO = NO;
				MTL_FAST_MATH = YES;
				SDKROOT = iphoneos;
				SWIFT_COMPILATION_MODE = wholemodule;
				VALIDATE_PRODUCT = YES;
			};
			name = Release;
		};
		6E7AE41E2DDD432900CAE565 /* Debug */ = {
			isa = XCBuildConfiguration;
			buildSettings = {
				BUNDLE_LOADER = "$(TEST_HOST)";
				CODE_SIGN_STYLE = Automatic;
				CURRENT_PROJECT_VERSION = 1;
				DEVELOPMENT_TEAM = 49VFMFM852;
				GENERATE_INFOPLIST_FILE = YES;
				IPHONEOS_DEPLOYMENT_TARGET = 18.4;
				MARKETING_VERSION = 1.0;
				PRODUCT_BUNDLE_IDENTIFIER = com.optionalsankur.CryptoChaserTests;
				PRODUCT_NAME = "$(TARGET_NAME)";
				SWIFT_EMIT_LOC_STRINGS = NO;
				SWIFT_VERSION = 5.0;
				TARGETED_DEVICE_FAMILY = "1,2";
				TEST_HOST = "$(BUILT_PRODUCTS_DIR)/CryptoChaser.app/$(BUNDLE_EXECUTABLE_FOLDER_PATH)/CryptoChaser";
			};
			name = Debug;
		};
		6E7AE41F2DDD432900CAE565 /* Release */ = {
			isa = XCBuildConfiguration;
			buildSettings = {
				BUNDLE_LOADER = "$(TEST_HOST)";
				CODE_SIGN_STYLE = Automatic;
				CURRENT_PROJECT_VERSION = 1;
				DEVELOPMENT_TEAM = 49VFMFM852;
				GENERATE_INFOPLIST_FILE = YES;
				IPHONEOS_DEPLOYMENT_TARGET = 18.4;
				MARKETING_VERSION = 1.0;
				PRODUCT_BUNDLE_IDENTIFIER = com.optionalsankur.CryptoChaserTests;
				PRODUCT_NAME = "$(TARGET_NAME)";
				SWIFT_EMIT_LOC_STRINGS = NO;
				SWIFT_VERSION = 5.0;
				TARGETED_DEVICE_FAMILY = "1,2";
				TEST_HOST = "$(BUILT_PRODUCTS_DIR)/CryptoChaser.app/$(BUNDLE_EXECUTABLE_FOLDER_PATH)/CryptoChaser";
			};
			name = Release;
		};
		6E7AE4212DDD432900CAE565 /* Debug */ = {
			isa = XCBuildConfiguration;
			buildSettings = {
				CODE_SIGN_STYLE = Automatic;
				CURRENT_PROJECT_VERSION = 1;
				DEVELOPMENT_TEAM = 49VFMFM852;
				GENERATE_INFOPLIST_FILE = YES;
				MARKETING_VERSION = 1.0;
				PRODUCT_BUNDLE_IDENTIFIER = com.optionalsankur.CryptoChaserUITests;
				PRODUCT_NAME = "$(TARGET_NAME)";
				SWIFT_EMIT_LOC_STRINGS = NO;
				SWIFT_VERSION = 5.0;
				TARGETED_DEVICE_FAMILY = "1,2";
				TEST_TARGET_NAME = CryptoChaser;
			};
			name = Debug;
		};
		6E7AE4222DDD432900CAE565 /* Release */ = {
			isa = XCBuildConfiguration;
			buildSettings = {
				CODE_SIGN_STYLE = Automatic;
				CURRENT_PROJECT_VERSION = 1;
				DEVELOPMENT_TEAM = 49VFMFM852;
				GENERATE_INFOPLIST_FILE = YES;
				MARKETING_VERSION = 1.0;
				PRODUCT_BUNDLE_IDENTIFIER = com.optionalsankur.CryptoChaserUITests;
				PRODUCT_NAME = "$(TARGET_NAME)";
				SWIFT_EMIT_LOC_STRINGS = NO;
				SWIFT_VERSION = 5.0;
				TARGETED_DEVICE_FAMILY = "1,2";
				TEST_TARGET_NAME = CryptoChaser;
			};
			name = Release;
		};
		6EB695562DF73AC000CDBF3F /* Debug */ = {
			isa = XCBuildConfiguration;
			buildSettings = {
				ASSETCATALOG_COMPILER_GLOBAL_ACCENT_COLOR_NAME = AccentColor;
				ASSETCATALOG_COMPILER_WIDGET_BACKGROUND_COLOR_NAME = WidgetBackground;
				CODE_SIGN_ENTITLEMENTS = CryptoChaserWidgetExtension.entitlements;
				CODE_SIGN_STYLE = Automatic;
				CURRENT_PROJECT_VERSION = 1;
				DEVELOPMENT_TEAM = 49VFMFM852;
				GENERATE_INFOPLIST_FILE = YES;
				INFOPLIST_FILE = CryptoChaserWidget/Info.plist;
				INFOPLIST_KEY_CFBundleDisplayName = CryptoChaserWidget;
				INFOPLIST_KEY_NSHumanReadableCopyright = "";
				LD_RUNPATH_SEARCH_PATHS = (
					"$(inherited)",
					"@executable_path/Frameworks",
					"@executable_path/../../Frameworks",
				);
				MARKETING_VERSION = 1.0;
				PRODUCT_BUNDLE_IDENTIFIER = com.optionalsk.CryptoChaser.CryptoChaserWidget;
				PRODUCT_NAME = "$(TARGET_NAME)";
				SKIP_INSTALL = YES;
				SWIFT_EMIT_LOC_STRINGS = YES;
				SWIFT_VERSION = 5.0;
				TARGETED_DEVICE_FAMILY = "1,2";
			};
			name = Debug;
		};
		6EB695572DF73AC000CDBF3F /* Release */ = {
			isa = XCBuildConfiguration;
			buildSettings = {
				ASSETCATALOG_COMPILER_GLOBAL_ACCENT_COLOR_NAME = AccentColor;
				ASSETCATALOG_COMPILER_WIDGET_BACKGROUND_COLOR_NAME = WidgetBackground;
				CODE_SIGN_ENTITLEMENTS = CryptoChaserWidgetExtension.entitlements;
				CODE_SIGN_STYLE = Automatic;
				CURRENT_PROJECT_VERSION = 1;
				DEVELOPMENT_TEAM = 49VFMFM852;
				GENERATE_INFOPLIST_FILE = YES;
				INFOPLIST_FILE = CryptoChaserWidget/Info.plist;
				INFOPLIST_KEY_CFBundleDisplayName = CryptoChaserWidget;
				INFOPLIST_KEY_NSHumanReadableCopyright = "";
				LD_RUNPATH_SEARCH_PATHS = (
					"$(inherited)",
					"@executable_path/Frameworks",
					"@executable_path/../../Frameworks",
				);
				MARKETING_VERSION = 1.0;
				PRODUCT_BUNDLE_IDENTIFIER = com.optionalsk.CryptoChaser.CryptoChaserWidget;
				PRODUCT_NAME = "$(TARGET_NAME)";
				SKIP_INSTALL = YES;
				SWIFT_EMIT_LOC_STRINGS = YES;
				SWIFT_VERSION = 5.0;
				TARGETED_DEVICE_FAMILY = "1,2";
			};
			name = Release;
		};
/* End XCBuildConfiguration section */

/* Begin XCConfigurationList section */
		6E7AE3EA2DDD432800CAE565 /* Build configuration list for PBXProject "CryptoChaser" */ = {
			isa = XCConfigurationList;
			buildConfigurations = (
				6E7AE41B2DDD432900CAE565 /* Debug */,
				6E7AE41C2DDD432900CAE565 /* Release */,
			);
			defaultConfigurationIsVisible = 0;
			defaultConfigurationName = Release;
		};
		6E7AE4182DDD432900CAE565 /* Build configuration list for PBXNativeTarget "CryptoChaser" */ = {
			isa = XCConfigurationList;
			buildConfigurations = (
				6E7AE4192DDD432900CAE565 /* Debug */,
				6E7AE41A2DDD432900CAE565 /* Release */,
			);
			defaultConfigurationIsVisible = 0;
			defaultConfigurationName = Release;
		};
		6E7AE41D2DDD432900CAE565 /* Build configuration list for PBXNativeTarget "CryptoChaserTests" */ = {
			isa = XCConfigurationList;
			buildConfigurations = (
				6E7AE41E2DDD432900CAE565 /* Debug */,
				6E7AE41F2DDD432900CAE565 /* Release */,
			);
			defaultConfigurationIsVisible = 0;
			defaultConfigurationName = Release;
		};
		6E7AE4202DDD432900CAE565 /* Build configuration list for PBXNativeTarget "CryptoChaserUITests" */ = {
			isa = XCConfigurationList;
			buildConfigurations = (
				6E7AE4212DDD432900CAE565 /* Debug */,
				6E7AE4222DDD432900CAE565 /* Release */,
			);
			defaultConfigurationIsVisible = 0;
			defaultConfigurationName = Release;
		};
		6EB695582DF73AC000CDBF3F /* Build configuration list for PBXNativeTarget "CryptoChaserWidgetExtension" */ = {
			isa = XCConfigurationList;
			buildConfigurations = (
				6EB695562DF73AC000CDBF3F /* Debug */,
				6EB695572DF73AC000CDBF3F /* Release */,
			);
			defaultConfigurationIsVisible = 0;
			defaultConfigurationName = Release;
		};
/* End XCConfigurationList section */
	};
	rootObject = 6E7AE3E72DDD432800CAE565 /* Project object */;
}
